
Microsoft Visual Studio Solution File, Format Version 12.00
# Visual Studio Version 16
VisualStudioVersion = 25.0.1706.1
MinimumVisualStudioVersion = 10.0.40219.1
Project("{FAE04EC0-301F-11D3-BF4B-00C04F79EFBC}") = "hngXStageOne", "hngXStageOne.csproj", "{18120312-9D3C-48F5-A1D4-57BADA81E14B}"
EndProject
Global
	GlobalSection(SolutionConfigurationPlatforms) = preSolution
		Debug|Any CPU = Debug|Any CPU
		Release|Any CPU = Release|Any CPU
	EndGlobalSection
	GlobalSection(ProjectConfigurationPlatforms) = postSolution
		{18120312-9D3C-48F5-A1D4-57BADA81E14B}.Debug|Any CPU.ActiveCfg = Debug|Any CPU
		{18120312-9D3C-48F5-A1D4-57BADA81E14B}.Debug|Any CPU.Build.0 = Debug|Any CPU
		{18120312-9D3C-48F5-A1D4-57BADA81E14B}.Release|Any CPU.ActiveCfg = Release|Any CPU
		{18120312-9D3C-48F5-A1D4-57BADA81E14B}.Release|Any CPU.Build.0 = Release|Any CPU
	EndGlobalSection
	GlobalSection(SolutionProperties) = preSolution
		HideSolutionNode = FALSE
	EndGlobalSection
	GlobalSection(ExtensibilityGlobals) = postSolution
		SolutionGuid = {A8908293-CA66-4517-9EB3-6F82FA4E5899}
	EndGlobalSection
EndGlobal
